
Microsoft Visual Studio Solution File, Format Version 12.00
# Visual Studio 2012
Project("{FAE04EC0-301F-11D3-BF4B-00C04F79EFBC}") = "Client", "Client\Client.csproj", "{A97B327C-8043-43DF-BB49-D012A0CEF52D}"
EndProject
Project("{FAE04EC0-301F-11D3-BF4B-00C04F79EFBC}") = "ReaderApp", "ReaderApp\ReaderApp.csproj", "{5B35BFA1-02FF-4893-986E-7143E98D0EE1}"
EndProject
Project("{FAE04EC0-301F-11D3-BF4B-00C04F79EFBC}") = "Provider", "Provider\Provider.csproj", "{50F42BB8-C3B8-47A9-BE0F-E3D6E23CEE61}"
EndProject
Project("{2150E333-8FDC-42A3-9474-1A3956D46DE8}") = "NewFolder1", "NewFolder1", "{5EE77C4D-DEFA-4168-91CC-A746E8B16428}"
EndProject
Project("{FAE04EC0-301F-11D3-BF4B-00C04F79EFBC}") = "MouseKeyboardLibrary", "MouseKeyboardLibrary\MouseKeyboardLibrary\MouseKeyboardLibrary.csproj", "{F419622F-4D82-40A6-B4FB-3FE36579F018}"
EndProject
Project("{FAE04EC0-301F-11D3-BF4B-00C04F79EFBC}") = "HookSampleApplication", "MouseKeyboardLibrary\SampleApplication\HookSampleApplication.csproj", "{FD66CF6D-E9E5-47F1-B5AD-B1AEEC2CEEA7}"
EndProject
Project("{FAE04EC0-301F-11D3-BF4B-00C04F79EFBC}") = "GlobalMacroRecorder", "MouseKeyboardLibrary\GlobalMacroRecorder\GlobalMacroRecorder.csproj", "{81AE332F-E43D-429B-872A-14F5418FEA7F}"
EndProject
Global
	GlobalSection(SolutionConfigurationPlatforms) = preSolution
		Debug|Any CPU = Debug|Any CPU
		Release|Any CPU = Release|Any CPU
	EndGlobalSection
	GlobalSection(ProjectConfigurationPlatforms) = postSolution
		{A97B327C-8043-43DF-BB49-D012A0CEF52D}.Debug|Any CPU.ActiveCfg = Debug|Any CPU
		{A97B327C-8043-43DF-BB49-D012A0CEF52D}.Debug|Any CPU.Build.0 = Debug|Any CPU
		{A97B327C-8043-43DF-BB49-D012A0CEF52D}.Release|Any CPU.ActiveCfg = Release|Any CPU
		{A97B327C-8043-43DF-BB49-D012A0CEF52D}.Release|Any CPU.Build.0 = Release|Any CPU
		{5B35BFA1-02FF-4893-986E-7143E98D0EE1}.Debug|Any CPU.ActiveCfg = Debug|Any CPU
		{5B35BFA1-02FF-4893-986E-7143E98D0EE1}.Debug|Any CPU.Build.0 = Debug|Any CPU
		{5B35BFA1-02FF-4893-986E-7143E98D0EE1}.Release|Any CPU.ActiveCfg = Release|Any CPU
		{5B35BFA1-02FF-4893-986E-7143E98D0EE1}.Release|Any CPU.Build.0 = Release|Any CPU
		{50F42BB8-C3B8-47A9-BE0F-E3D6E23CEE61}.Debug|Any CPU.ActiveCfg = Debug|Any CPU
		{50F42BB8-C3B8-47A9-BE0F-E3D6E23CEE61}.Debug|Any CPU.Build.0 = Debug|Any CPU
		{50F42BB8-C3B8-47A9-BE0F-E3D6E23CEE61}.Release|Any CPU.ActiveCfg = Release|Any CPU
		{50F42BB8-C3B8-47A9-BE0F-E3D6E23CEE61}.Release|Any CPU.Build.0 = Release|Any CPU
		{F419622F-4D82-40A6-B4FB-3FE36579F018}.Debug|Any CPU.ActiveCfg = Debug|Any CPU
		{F419622F-4D82-40A6-B4FB-3FE36579F018}.Debug|Any CPU.Build.0 = Debug|Any CPU
		{F419622F-4D82-40A6-B4FB-3FE36579F018}.Release|Any CPU.ActiveCfg = Release|Any CPU
		{F419622F-4D82-40A6-B4FB-3FE36579F018}.Release|Any CPU.Build.0 = Release|Any CPU
		{FD66CF6D-E9E5-47F1-B5AD-B1AEEC2CEEA7}.Debug|Any CPU.ActiveCfg = Debug|Any CPU
		{FD66CF6D-E9E5-47F1-B5AD-B1AEEC2CEEA7}.Debug|Any CPU.Build.0 = Debug|Any CPU
		{FD66CF6D-E9E5-47F1-B5AD-B1AEEC2CEEA7}.Release|Any CPU.ActiveCfg = Release|Any CPU
		{FD66CF6D-E9E5-47F1-B5AD-B1AEEC2CEEA7}.Release|Any CPU.Build.0 = Release|Any CPU
		{81AE332F-E43D-429B-872A-14F5418FEA7F}.Debug|Any CPU.ActiveCfg = Debug|Any CPU
		{81AE332F-E43D-429B-872A-14F5418FEA7F}.Debug|Any CPU.Build.0 = Debug|Any CPU
		{81AE332F-E43D-429B-872A-14F5418FEA7F}.Release|Any CPU.ActiveCfg = Release|Any CPU
		{81AE332F-E43D-429B-872A-14F5418FEA7F}.Release|Any CPU.Build.0 = Release|Any CPU
	EndGlobalSection
	GlobalSection(SolutionProperties) = preSolution
		HideSolutionNode = FALSE
	EndGlobalSection
	GlobalSection(NestedProjects) = preSolution
		{F419622F-4D82-40A6-B4FB-3FE36579F018} = {5EE77C4D-DEFA-4168-91CC-A746E8B16428}
		{FD66CF6D-E9E5-47F1-B5AD-B1AEEC2CEEA7} = {5EE77C4D-DEFA-4168-91CC-A746E8B16428}
		{81AE332F-E43D-429B-872A-14F5418FEA7F} = {5EE77C4D-DEFA-4168-91CC-A746E8B16428}
	EndGlobalSection
EndGlobal
